
Microsoft Visual Studio Solution File, Format Version 12.00
# Visual Studio 15
VisualStudioVersion = 15.0.27004.2005
MinimumVisualStudioVersion = 10.0.40219.1
Project("{FAE04EC0-301F-11D3-BF4B-00C04F79EFBC}") = "EmailServer.UI", "EmailServer.UI\EmailServer.UI.csproj", "{34FA88C8-1AEB-4956-A584-483A725C1ED0}"
EndProject
Project("{FAE04EC0-301F-11D3-BF4B-00C04F79EFBC}") = "EmailServer.Core", "EmailServer.Core\EmailServer.Core.csproj", "{E9C43795-2198-448C-A702-543F27D2142B}"
EndProject
Project("{E24C65DC-7377-472B-9ABA-BC803B73C61A}") = "WebServer", "WebServer\", "{48DF6514-E7A5-40BE-BD08-8E9EACCC8DC1}"
	ProjectSection(WebsiteProperties) = preProject
		TargetFrameworkMoniker = ".NETFramework,Version%3Dv4.5"
		Debug.AspNetCompiler.VirtualPath = "/localhost_58235"
		Debug.AspNetCompiler.PhysicalPath = "WebServer\"
		Debug.AspNetCompiler.TargetPath = "PrecompiledWeb\localhost_58235\"
		Debug.AspNetCompiler.Updateable = "true"
		Debug.AspNetCompiler.ForceOverwrite = "true"
		Debug.AspNetCompiler.FixedNames = "false"
		Debug.AspNetCompiler.Debug = "True"
		Release.AspNetCompiler.VirtualPath = "/localhost_58235"
		Release.AspNetCompiler.PhysicalPath = "WebServer\"
		Release.AspNetCompiler.TargetPath = "PrecompiledWeb\localhost_58235\"
		Release.AspNetCompiler.Updateable = "true"
		Release.AspNetCompiler.ForceOverwrite = "true"
		Release.AspNetCompiler.FixedNames = "false"
		Release.AspNetCompiler.Debug = "False"
		VWDPort = "58235"
		SlnRelativePath = "WebServer\"
		DefaultWebSiteLanguage = "Visual C#"
	EndProjectSection
EndProject
Project("{54435603-DBB4-11D2-8724-00A0C9A8B90C}") = "WindowsInstaller", "WindowsInstaller\WindowsInstaller.vdproj", "{B49EF38E-F421-4029-AC07-67EB12960433}"
EndProject
Global
	GlobalSection(SolutionConfigurationPlatforms) = preSolution
		Debug|Any CPU = Debug|Any CPU
		Release|Any CPU = Release|Any CPU
	EndGlobalSection
	GlobalSection(ProjectConfigurationPlatforms) = postSolution
		{34FA88C8-1AEB-4956-A584-483A725C1ED0}.Debug|Any CPU.ActiveCfg = Debug|Any CPU
		{34FA88C8-1AEB-4956-A584-483A725C1ED0}.Debug|Any CPU.Build.0 = Debug|Any CPU
		{34FA88C8-1AEB-4956-A584-483A725C1ED0}.Release|Any CPU.ActiveCfg = Release|Any CPU
		{34FA88C8-1AEB-4956-A584-483A725C1ED0}.Release|Any CPU.Build.0 = Release|Any CPU
		{E9C43795-2198-448C-A702-543F27D2142B}.Debug|Any CPU.ActiveCfg = Debug|Any CPU
		{E9C43795-2198-448C-A702-543F27D2142B}.Debug|Any CPU.Build.0 = Debug|Any CPU
		{E9C43795-2198-448C-A702-543F27D2142B}.Release|Any CPU.ActiveCfg = Release|Any CPU
		{E9C43795-2198-448C-A702-543F27D2142B}.Release|Any CPU.Build.0 = Release|Any CPU
		{48DF6514-E7A5-40BE-BD08-8E9EACCC8DC1}.Debug|Any CPU.ActiveCfg = Debug|Any CPU
		{48DF6514-E7A5-40BE-BD08-8E9EACCC8DC1}.Debug|Any CPU.Build.0 = Debug|Any CPU
		{48DF6514-E7A5-40BE-BD08-8E9EACCC8DC1}.Release|Any CPU.ActiveCfg = Debug|Any CPU
		{48DF6514-E7A5-40BE-BD08-8E9EACCC8DC1}.Release|Any CPU.Build.0 = Debug|Any CPU
		{B49EF38E-F421-4029-AC07-67EB12960433}.Debug|Any CPU.ActiveCfg = Debug
		{B49EF38E-F421-4029-AC07-67EB12960433}.Release|Any CPU.ActiveCfg = Release
	EndGlobalSection
	GlobalSection(SolutionProperties) = preSolution
		HideSolutionNode = FALSE
	EndGlobalSection
	GlobalSection(ExtensibilityGlobals) = postSolution
		SolutionGuid = {79DAF845-D18B-430C-8009-193DA8DD5CEB}
	EndGlobalSection
EndGlobal
